# @generated by Move, please check-in and do not edit manually.

[move]
version = 2
manifest_digest = "9FEEE890AB0D407A0DEC867D931FAB80972E097B51ED76EC8F2427DA6862BB29"
deps_digest = "3C4103934B1E040BB6B23F1D610B4EF9F2F1166A50A104EADCF77467C004C600"
dependencies = [
  { name = "LiquidlinkLocker" },
  { name = "StrapFountain" },
]

[[move.package]]
name = "BucketFramework"
source = { git = "..", rev = "main", subdir = "framework" }

dependencies = [
  { name = "Sui" },
]

[[move.package]]
name = "BucketOracle"
source = { git = "https://github.com/Bucket-Protocol/oracle.git", rev = "test-only", subdir = "" }

dependencies = [
  { name = "Sui" },
]

[[move.package]]
name = "BucketProtocol"
source = { git = "../v1-core", rev = "main", subdir = "protocol/" }

dependencies = [
  { name = "BucketFramework" },
  { name = "BucketOracle" },
  { name = "Flask" },
  { name = "Sui" },
]

[[move.package]]
name = "Flask"
source = { git = "..", rev = "main", subdir = "flask" }

dependencies = [
  { name = "Sui" },
]

[[move.package]]
name = "LiquidlinkLocker"
source = { git = "../liquidlink-contract-periphery", rev = "main", subdir = "locker" }

dependencies = [
  { name = "LiquidlinkProtocol" },
  { name = "Sui" },
]

[[move.package]]
name = "LiquidlinkProtocol"
source = { git = "../../liquidlink-contract-v1", rev = "main", subdir = "protocol" }

dependencies = [
  { name = "Sui" },
]

[[move.package]]
name = "MoveStdlib"
source = { git = "https://github.com/MystenLabs/sui.git", rev = "framework/mainnet", subdir = "crates/sui-framework/packages/move-stdlib" }

[[move.package]]
name = "StrapFountain"
source = { git = "../../sui-playground/strap-fountain", rev = "main", subdir = "" }

dependencies = [
  { name = "BucketProtocol" },
  { name = "Sui" },
]

[[move.package]]
name = "Sui"
source = { git = "https://github.com/MystenLabs/sui.git", rev = "framework/mainnet", subdir = "crates/sui-framework/packages/sui-framework" }

dependencies = [
  { name = "MoveStdlib" },
]

[move.toolchain-version]
compiler-version = "1.32.0"
edition = "2024.beta"
flavor = "sui"
