# @generated by Move, please check-in and do not edit manually.

[move]
version = 2
manifest_digest = "7BE7E14BCAFA4E511A7A38E0ADD0DE3385FF966C8D54EC5A425B423A529A2DE1"
deps_digest = "060AD7E57DFB13104F21BE5F5C3759D03F0553FC3229247D9A7A6B45F50D03A3"
dependencies = [
  { name = "BucketFountain" },
  { name = "LiquidlinkLocker" },
  { name = "StrapFountain" },
]

[[move.package]]
name = "BucketFountain"
source = { git = "../../sui-playground/fountain", rev = "mainnet", subdir = "" }

dependencies = [
  { name = "Sui" },
]

[[move.package]]
name = "BucketFramework"
source = { git = "..", rev = "main", subdir = "framework" }

dependencies = [
  { name = "Sui" },
]

[[move.package]]
name = "BucketOracle"
source = { git = "https://github.com/Bucket-Protocol/oracle.git", rev = "test-only", subdir = "" }

dependencies = [
  { name = "Sui" },
]

[[move.package]]
name = "BucketProtocol"
source = { git = "../v1-core", rev = "main", subdir = "protocol/" }

dependencies = [
  { name = "BucketFramework" },
  { name = "BucketOracle" },
  { name = "Flask" },
  { name = "Sui" },
]

[[move.package]]
name = "Flask"
source = { git = "..", rev = "main", subdir = "flask" }

dependencies = [
  { name = "Sui" },
]

[[move.package]]
name = "LiquidlinkLocker"
source = { git = "../liquidlink-contract-periphery", rev = "main", subdir = "locker" }

dependencies = [
  { name = "LiquidlinkProtocol" },
  { name = "Sui" },
]

[[move.package]]
name = "LiquidlinkProtocol"
source = { git = "../../liquidlink-contract-v1", rev = "main", subdir = "protocol" }

dependencies = [
  { name = "Sui" },
]

[[move.package]]
name = "MoveStdlib"
source = { git = "https://github.com/MystenLabs/sui.git", rev = "framework/mainnet", subdir = "crates/sui-framework/packages/move-stdlib" }

[[move.package]]
name = "StrapFountain"
source = { git = "../../sui-playground/strap-fountain", rev = "main", subdir = "" }

dependencies = [
  { name = "BucketProtocol" },
  { name = "Sui" },
]

[[move.package]]
name = "Sui"
source = { git = "https://github.com/MystenLabs/sui.git", rev = "framework/mainnet", subdir = "crates/sui-framework/packages/sui-framework" }

dependencies = [
  { name = "MoveStdlib" },
]

[move.toolchain-version]
compiler-version = "1.32.0"
edition = "2024.beta"
flavor = "sui"
