# @generated by Move, please check-in and do not edit manually.

[move]
version = 2
manifest_digest = "2488C8E2F570B481C19EDE83957A48DA8EE01115A62EDBFC47069D3E20B441E0"
deps_digest = "060AD7E57DFB13104F21BE5F5C3759D03F0553FC3229247D9A7A6B45F50D03A3"
dependencies = [
  { name = "BucketFountain" },
  { name = "LiquidlinkLocker" },
  { name = "StrapFountain" },
]

[[move.package]]
name = "BucketFountain"
source = { git = "../../sui-playground/fountain", rev = "mainnet", subdir = "" }

dependencies = [
  { name = "Sui" },
]

[[move.package]]
name = "BucketFramework"
source = { git = "..", rev = "mainnet", subdir = "framework" }

dependencies = [
  { name = "Sui" },
]

[[move.package]]
name = "BucketOracle"
source = { git = "https://github.com/Bucket-Protocol/oracle.git", rev = "mainnet", subdir = "" }

dependencies = [
  { name = "Pyth" },
  { name = "Sui" },
  { name = "SupraOracle" },
  { name = "SwitchboardStdLib" },
]

[[move.package]]
name = "BucketProtocol"
source = { git = "../v1-core", rev = "mainnet", subdir = "protocol/" }

dependencies = [
  { name = "BucketFramework" },
  { name = "BucketOracle" },
  { name = "Flask" },
  { name = "Sui" },
]

[[move.package]]
name = "Flask"
source = { git = "..", rev = "mainnet", subdir = "flask" }

dependencies = [
  { name = "Sui" },
]

[[move.package]]
name = "LiquidlinkLocker"
source = { git = "../liquidlink-contract-periphery", rev = "main", subdir = "locker" }

dependencies = [
  { name = "LiquidlinkProtocol" },
  { name = "Sui" },
]

[[move.package]]
name = "LiquidlinkProtocol"
source = { git = "../../liquidlink-contract-v1", rev = "main", subdir = "protocol" }

dependencies = [
  { name = "Sui" },
]

[[move.package]]
name = "MoveStdlib"
source = { git = "https://github.com/MystenLabs/sui.git", rev = "framework/mainnet", subdir = "crates/sui-framework/packages/move-stdlib" }

[[move.package]]
name = "Pyth"
source = { git = "https://github.com/Bucket-Protocol/oracle.git", rev = "mainnet", subdir = "partners/pyth" }

dependencies = [
  { name = "Sui" },
  { name = "Wormhole" },
]

[[move.package]]
name = "StrapFountain"
source = { git = "../../sui-playground/strap-fountain", rev = "mainnet", subdir = "" }

dependencies = [
  { name = "BucketProtocol" },
  { name = "Sui" },
]

[[move.package]]
name = "Sui"
source = { git = "https://github.com/MystenLabs/sui.git", rev = "framework/mainnet", subdir = "crates/sui-framework/packages/sui-framework" }

dependencies = [
  { name = "MoveStdlib" },
]

[[move.package]]
name = "SupraOracle"
source = { git = "https://github.com/Bucket-Protocol/oracle.git", rev = "mainnet", subdir = "partners/supra" }

dependencies = [
  { name = "Sui" },
]

[[move.package]]
name = "SwitchboardStdLib"
source = { git = "https://github.com/Bucket-Protocol/oracle.git", rev = "mainnet", subdir = "partners/switchboard" }

dependencies = [
  { name = "MoveStdlib" },
  { name = "Sui" },
]

[[move.package]]
name = "Wormhole"
source = { git = "https://github.com/Bucket-Protocol/oracle.git", rev = "mainnet", subdir = "partners/pyth/wormhole" }

dependencies = [
  { name = "Sui" },
]

[move.toolchain-version]
compiler-version = "1.33.1"
edition = "2024.beta"
flavor = "sui"

[env]

[env.mainnet]
chain-id = "35834a8a"
original-published-id = "0x6009b99da10a8ec5e5f108544c393191792a2970d5b710331803f31d53d4cb52"
latest-published-id = "0x562cb692158e1d2ab82cb901be324dc6234f197bab6bfc1ba38114ae0aebc189"
published-version = "3"
